
Microsoft Visual Studio Solution File, Format Version 12.00
# Visual Studio Version 16
VisualStudioVersion = 16.0.30002.166
MinimumVisualStudioVersion = 10.0.40219.1
Project("{FAE04EC0-301F-11D3-BF4B-00C04F79EFBC}") = "Calculate", "Calculate\Calculate.csproj", "{B852FF10-3FCE-4299-A641-E425F5648E90}"
EndProject
Global
	GlobalSection(SolutionConfigurationPlatforms) = preSolution
		Debug|Any CPU = Debug|Any CPU
		Release|Any CPU = Release|Any CPU
	EndGlobalSection
	GlobalSection(ProjectConfigurationPlatforms) = postSolution
		{B852FF10-3FCE-4299-A641-E425F5648E90}.Debug|Any CPU.ActiveCfg = Debug|Any CPU
		{B852FF10-3FCE-4299-A641-E425F5648E90}.Debug|Any CPU.Build.0 = Debug|Any CPU
		{B852FF10-3FCE-4299-A641-E425F5648E90}.Release|Any CPU.ActiveCfg = Release|Any CPU
		{B852FF10-3FCE-4299-A641-E425F5648E90}.Release|Any CPU.Build.0 = Release|Any CPU
	EndGlobalSection
	GlobalSection(SolutionProperties) = preSolution
		HideSolutionNode = FALSE
	EndGlobalSection
	GlobalSection(ExtensibilityGlobals) = postSolution
		SolutionGuid = {A64BFBD8-A3E1-44B7-B912-C6801AC03A90}
	EndGlobalSection
EndGlobal
